
Microsoft Visual Studio Solution File, Format Version 12.00
# Visual Studio Version 17
VisualStudioVersion = 17.0.31919.166
MinimumVisualStudioVersion = 10.0.40219.1
Project("{9A19103F-16F7-4668-BE54-9A1E7A4F7556}") = "Azure101.Core", "src\Azure101.Core\Azure101.Core.csproj", "{7A1B2C3D-4E5F-6G7H-8I9J-0K1L2M3N4O5P}"
EndProject
Project("{9A19103F-16F7-4668-BE54-9A1E7A4F7556}") = "Azure101.Compute", "src\Azure101.Compute\Azure101.Compute.csproj", "{1B2C3D4E-5F6G-7H8I-9J0K-1L2M3N4O5P6Q}"
EndProject
Project("{9A19103F-16F7-4668-BE54-9A1E7A4F7556}") = "Azure101.Storage", "src\Azure101.Storage\Azure101.Storage.csproj", "{2C3D4E5F-6G7H-8I9J-0K1L-2M3N4O5P6Q7R}"
EndProject
Project("{9A19103F-16F7-4668-BE54-9A1E7A4F7556}") = "Azure101.Networking", "src\Azure101.Networking\Azure101.Networking.csproj", "{3D4E5F6G-7H8I-9J0K-1L2M-3N4O5P6Q7R8S}"
EndProject
Project("{9A19103F-16F7-4668-BE54-9A1E7A4F7556}") = "Azure101.Databases", "src\Azure101.Databases\Azure101.Databases.csproj", "{4E5F6G7H-8I9J-0K1L-2M3N-4O5P6Q7R8S9T}"
EndProject
Project("{9A19103F-16F7-4668-BE54-9A1E7A4F7556}") = "Azure101.Messaging", "src\Azure101.Messaging\Azure101.Messaging.csproj", "{5F6G7H8I-9J0K-1L2M-3N4O-5P6Q7R8S9T0U}"
EndProject
Project("{9A19103F-16F7-4668-BE54-9A1E7A4F7556}") = "Azure101.Security", "src\Azure101.Security\Azure101.Security.csproj", "{6G7H8I9J-0K1L-2M3N-4O5P-6Q7R8S9T0U1V}"
EndProject
Project("{9A19103F-16F7-4668-BE54-9A1E7A4F7556}") = "Azure101.AI_ML", "src\Azure101.AI_ML\Azure101.AI_ML.csproj", "{7H8I9J0K-1L2M-3N4O-5P6Q-7R8S9T0U1V2W}"
EndProject
Project("{9A19103F-16F7-4668-BE54-9A1E7A4F7556}") = "Azure101.DevOps", "src\Azure101.DevOps\Azure101.DevOps.csproj", "{8I9J0K1L-2M3N-4O5P-6Q7R-8S9T0U1V2W3X}"
EndProject
Project("{9A19103F-16F7-4668-BE54-9A1E7A4F7556}") = "Azure101.Integration", "src\Azure101.Integration\Azure101.Integration.csproj", "{9J0K1L2M-3N4O-5P6Q-7R8S-9T0U1V2W3X4Y}"
EndProject
Project("{9A19103F-16F7-4668-BE54-9A1E7A4F7556}") = "Azure101.Documentation", "src\Azure101.Documentation\Azure101.Documentation.csproj", "{0K1L2M3N-4O5P-6Q7R-8S9T-0U1V2W3X4Y5Z}"
EndProject
Project("{2150E333-8FDC-42A3-9474-1A3956D46DE8}") = "Tests", "Tests", "{A1B2C3D4-E5F6-47G8-H9I0-J1K2L3M4N5O6}"
EndProject
Project("{9A19103F-16F7-4668-BE54-9A1E7A4F7556}") = "Azure101.Core.Tests", "tests\Azure101.Core.Tests\Azure101.Core.Tests.csproj", "{B2C3D4E5-F6G7-48H9-I0J1-K2L3M4N5O6P7}"
EndProject
Project("{9A19103F-16F7-4668-BE54-9A1E7A4F7556}") = "Azure101.Compute.Tests", "tests\Azure101.Compute.Tests\Azure101.Compute.Tests.csproj", "{C3D4E5F6-G7H8-49I0-J1K2-L3M4N5O6P7Q8}"
EndProject
Project("{9A19103F-16F7-4668-BE54-9A1E7A4F7556}") = "Azure101.Storage.Tests", "tests\Azure101.Storage.Tests\Azure101.Storage.Tests.csproj", "{D4E5F6G7-H8I9-40J0-K1L2-M3N4O5P6Q7R9}"
EndProject
Project("{9A19103F-16F7-4668-BE54-9A1E7A4F7556}") = "Azure101.Networking.Tests", "tests\Azure101.Networking.Tests\Azure101.Networking.Tests.csproj", "{E5F6G7H8-I9J0-41K1-L2M3-N4O5P6Q7R8S0}"
EndProject
Project("{9A19103F-16F7-4668-BE54-9A1E7A4F7556}") = "Azure101.Databases.Tests", "tests\Azure101.Databases.Tests\Azure101.Databases.Tests.csproj", "{F6G7H8I9-J0K1-42L2-M3N4-O5P6Q7R8S9T1}"
EndProject
Project("{9A19103F-16F7-4668-BE54-9A1E7A4F7556}") = "Azure101.Messaging.Tests", "tests\Azure101.Messaging.Tests\Azure101.Messaging.Tests.csproj", "{G7H8I9J0-K1L2-43M3-N4O5-P6Q7R8S9T0U2}"
EndProject
Project("{9A19103F-16F7-4668-BE54-9A1E7A4F7556}") = "Azure101.Security.Tests", "tests\Azure101.Security.Tests\Azure101.Security.Tests.csproj", "{H8I9J0K1-L2M3-44N4-O5P6-Q7R8S9T0U1V3}"
EndProject
Project("{9A19103F-16F7-4668-BE54-9A1E7A4F7556}") = "Azure101.AI_ML.Tests", "tests\Azure101.AI_ML.Tests\Azure101.AI_ML.Tests.csproj", "{I9J0K1L2-M3N4-45O5-P6Q7-R8S9T0U1V2W4}"
EndProject
Project("{9A19103F-16F7-4668-BE54-9A1E7A4F7556}") = "Azure101.DevOps.Tests", "tests\Azure101.DevOps.Tests\Azure101.DevOps.Tests.csproj", "{J0K1L2M3-N4O5-46P6-Q7R8-S9T0U1V2W3X5}"
EndProject
Project("{9A19103F-16F7-4668-BE54-9A1E7A4F7556}") = "Azure101.Integration.Tests", "tests\Azure101.Integration.Tests\Azure101.Integration.Tests.csproj", "{K1L2M3N4-O5P6-47Q7-R8S9-T0U1V2W3X4Y6}"
EndProject
Project("{2150E333-8FDC-42A3-9474-1A3956D46DE8}") = "Documentation", "Documentation", "{L2M3N4O5-P6Q7-4R8S-9T0U-1V2W3X4Y5Z6A}"
EndProject
Global
	GlobalSection(SolutionConfigurationPlatforms) = preSolution
		Debug|Any CPU = Debug|Any CPU
		Release|Any CPU = Release|Any CPU
	EndGlobalSection
	GlobalSection(ProjectConfigurationPlatforms) = postSolution
		{7A1B2C3D-4E5F-6G7H-8I9J-0K1L2M3N4O5P}.Debug|Any CPU.ActiveCfg = Debug|Any CPU
		{7A1B2C3D-4E5F-6G7H-8I9J-0K1L2M3N4O5P}.Debug|Any CPU.Build.0 = Debug|Any CPU
		{7A1B2C3D-4E5F-6G7H-8I9J-0K1L2M3N4O5P}.Release|Any CPU.ActiveCfg = Release|Any CPU
		{7A1B2C3D-4E5F-6G7H-8I9J-0K1L2M3N4O5P}.Release|Any CPU.Build.0 = Release|Any CPU
		{1B2C3D4E-5F6G-7H8I-9J0K-1L2M3N4O5P6Q}.Debug|Any CPU.ActiveCfg = Debug|Any CPU
		{1B2C3D4E-5F6G-7H8I-9J0K-1L2M3N4O5P6Q}.Debug|Any CPU.Build.0 = Debug|Any CPU
		{1B2C3D4E-5F6G-7H8I-9J0K-1L2M3N4O5P6Q}.Release|Any CPU.ActiveCfg = Release|Any CPU
		{1B2C3D4E-5F6G-7H8I-9J0K-1L2M3N4O5P6Q}.Release|Any CPU.Build.0 = Release|Any CPU
		{2C3D4E5F-6G7H-8I9J-0K1L-2M3N4O5P6Q7R}.Debug|Any CPU.ActiveCfg = Debug|Any CPU
		{2C3D4E5F-6G7H-8I9J-0K1L-2M3N4O5P6Q7R}.Debug|Any CPU.Build.0 = Debug|Any CPU
		{2C3D4E5F-6G7H-8I9J-0K1L-2M3N4O5P6Q7R}.Release|Any CPU.ActiveCfg = Release|Any CPU
		{2C3D4E5F-6G7H-8I9J-0K1L-2M3N4O5P6Q7R}.Release|Any CPU.Build.0 = Release|Any CPU
		{3D4E5F6G-7H8I-9J0K-1L2M-3N4O5P6Q7R8S}.Debug|Any CPU.ActiveCfg = Debug|Any CPU
		{3D4E5F6G-7H8I-9J0K-1L2M-3N4O5P6Q7R8S}.Debug|Any CPU.Build.0 = Debug|Any CPU
		{3D4E5F6G-7H8I-9J0K-1L2M-3N4O5P6Q7R8S}.Release|Any CPU.ActiveCfg = Release|Any CPU
		{3D4E5F6G-7H8I-9J0K-1L2M-3N4O5P6Q7R8S}.Release|Any CPU.Build.0 = Release|Any CPU
		{4E5F6G7H-8I9J-0K1L-2M3N-4O5P6Q7R8S9T}.Debug|Any CPU.ActiveCfg = Debug|Any CPU
		{4E5F6G7H-8I9J-0K1L-2M3N-4O5P6Q7R8S9T}.Debug|Any CPU.Build.0 = Debug|Any CPU
		{4E5F6G7H-8I9J-0K1L-2M3N-4O5P6Q7R8S9T}.Release|Any CPU.ActiveCfg = Release|Any CPU
		{4E5F6G7H-8I9J-0K1L-2M3N-4O5P6Q7R8S9T}.Release|Any CPU.Build.0 = Release|Any CPU
		{5F6G7H8I-9J0K-1L2M-3N4O-5P6Q7R8S9T0U}.Debug|Any CPU.ActiveCfg = Debug|Any CPU
		{5F6G7H8I-9J0K-1L2M-3N4O-5P6Q7R8S9T0U}.Debug|Any CPU.Build.0 = Debug|Any CPU
		{5F6G7H8I-9J0K-1L2M-3N4O-5P6Q7R8S9T0U}.Release|Any CPU.ActiveCfg = Release|Any CPU
		{5F6G7H8I-9J0K-1L2M-3N4O-5P6Q7R8S9T0U}.Release|Any CPU.Build.0 = Release|Any CPU
		{6G7H8I9J-0K1L-2M3N-4O5P-6Q7R8S9T0U1V}.Debug|Any CPU.ActiveCfg = Debug|Any CPU
		{6G7H8I9J-0K1L-2M3N-4O5P-6Q7R8S9T0U1V}.Debug|Any CPU.Build.0 = Debug|Any CPU
		{6G7H8I9J-0K1L-2M3N-4O5P-6Q7R8S9T0U1V}.Release|Any CPU.ActiveCfg = Release|Any CPU
		{6G7H8I9J-0K1L-2M3N-4O5P-6Q7R8S9T0U1V}.Release|Any CPU.Build.0 = Release|Any CPU
		{7H8I9J0K-1L2M-3N4O-5P6Q-7R8S9T0U1V2W}.Debug|Any CPU.ActiveCfg = Debug|Any CPU
		{7H8I9J0K-1L2M-3N4O-5P6Q-7R8S9T0U1V2W}.Debug|Any CPU.Build.0 = Debug|Any CPU
		{7H8I9J0K-1L2M-3N4O-5P6Q-7R8S9T0U1V2W}.Release|Any CPU.ActiveCfg = Release|Any CPU
		{7H8I9J0K-1L2M-3N4O-5P6Q-7R8S9T0U1V2W}.Release|Any CPU.Build.0 = Release|Any CPU
		{8I9J0K1L-2M3N-4O5P-6Q7R-8S9T0U1V2W3X}.Debug|Any CPU.ActiveCfg = Debug|Any CPU
		{8I9J0K1L-2M3N-4O5P-6Q7R-8S9T0U1V2W3X}.Debug|Any CPU.Build.0 = Debug|Any CPU
		{8I9J0K1L-2M3N-4O5P-6Q7R-8S9T0U1V2W3X}.Release|Any CPU.ActiveCfg = Release|Any CPU
		{8I9J0K1L-2M3N-4O5P-6Q7R-8S9T0U1V2W3X}.Release|Any CPU.Build.0 = Release|Any CPU
		{9J0K1L2M-3N4O-5P6Q-7R8S-9T0U1V2W3X4Y}.Debug|Any CPU.ActiveCfg = Debug|Any CPU
		{9J0K1L2M-3N4O-5P6Q-7R8S-9T0U1V2W3X4Y}.Debug|Any CPU.Build.0 = Debug|Any CPU
		{9J0K1L2M-3N4O-5P6Q-7R8S-9T0U1V2W3X4Y}.Release|Any CPU.ActiveCfg = Release|Any CPU
		{9J0K1L2M-3N4O-5P6Q-7R8S-9T0U1V2W3X4Y}.Release|Any CPU.Build.0 = Release|Any CPU
		{0K1L2M3N-4O5P-6Q7R-8S9T-0U1V2W3X4Y5Z}.Debug|Any CPU.ActiveCfg = Debug|Any CPU
		{0K1L2M3N-4O5P-6Q7R-8S9T-0U1V2W3X4Y5Z}.Debug|Any CPU.Build.0 = Debug|Any CPU
		{0K1L2M3N-4O5P-6Q7R-8S9T-0U1V2W3X4Y5Z}.Release|Any CPU.ActiveCfg = Release|Any CPU
		{0K1L2M3N-4O5P-6Q7R-8S9T-0U1V2W3X4Y5Z}.Release|Any CPU.Build.0 = Release|Any CPU
		{B2C3D4E5-F6G7-48H9-I0J1-K2L3M4N5O6P7}.Debug|Any CPU.ActiveCfg = Debug|Any CPU
		{B2C3D4E5-F6G7-48H9-I0J1-K2L3M4N5O6P7}.Debug|Any CPU.Build.0 = Debug|Any CPU
		{B2C3D4E5-F6G7-48H9-I0J1-K2L3M4N5O6P7}.Release|Any CPU.ActiveCfg = Release|Any CPU
		{B2C3D4E5-F6G7-48H9-I0J1-K2L3M4N5O6P7}.Release|Any CPU.Build.0 = Release|Any CPU
		{C3D4E5F6-G7H8-49I0-J1K2-L3M4N5O6P7Q8}.Debug|Any CPU.ActiveCfg = Debug|Any CPU
		{C3D4E5F6-G7H8-49I0-J1K2-L3M4N5O6P7Q8}.Debug|Any CPU.Build.0 = Debug|Any CPU
		{C3D4E5F6-G7H8-49I0-J1K2-L3M4N5O6P7Q8}.Release|Any CPU.ActiveCfg = Release|Any CPU
		{C3D4E5F6-G7H8-49I0-J1K2-L3M4N5O6P7Q8}.Release|Any CPU.Build.0 = Release|Any CPU
		{D4E5F6G7-H8I9-40J0-K1L2-M3N4O5P6Q7R9}.Debug|Any CPU.ActiveCfg = Debug|Any CPU
		{D4E5F6G7-H8I9-40J0-K1L2-M3N4O5P6Q7R9}.Debug|Any CPU.Build.0 = Debug|Any CPU
		{D4E5F6G7-H8I9-40J0-K1L2-M3N4O5P6Q7R9}.Release|Any CPU.ActiveCfg = Release|Any CPU
		{D4E5F6G7-H8I9-40J0-K1L2-M3N4O5P6Q7R9}.Release|Any CPU.Build.0 = Release|Any CPU
		{E5F6G7H8-I9J0-41K1-L2M3-N4O5P6Q7R8S0}.Debug|Any CPU.ActiveCfg = Debug|Any CPU
		{E5F6G7H8-I9J0-41K1-L2M3-N4O5P6Q7R8S0}.Debug|Any CPU.Build.0 = Debug|Any CPU
		{E5F6G7H8-I9J0-41K1-L2M3-N4O5P6Q7R8S0}.Release|Any CPU.ActiveCfg = Release|Any CPU
		{E5F6G7H8-I9J0-41K1-L2M3-N4O5P6Q7R8S0}.Release|Any CPU.Build.0 = Release|Any CPU
		{F6G7H8I9-J0K1-42L2-M3N4-O5P6Q7R8S9T1}.Debug|Any CPU.ActiveCfg = Debug|Any CPU
		{F6G7H8I9-J0K1-42L2-M3N4-O5P6Q7R8S9T1}.Debug|Any CPU.Build.0 = Debug|Any CPU
		{F6G7H8I9-J0K1-42L2-M3N4-O5P6Q7R8S9T1}.Release|Any CPU.ActiveCfg = Release|Any CPU
		{F6G7H8I9-J0K1-42L2-M3N4-O5P6Q7R8S9T1}.Release|Any CPU.Build.0 = Release|Any CPU
		{G7H8I9J0-K1L2-43M3-N4O5-P6Q7R8S9T0U2}.Debug|Any CPU.ActiveCfg = Debug|Any CPU
		{G7H8I9J0-K1L2-43M3-N4O5-P6Q7R8S9T0U2}.Debug|Any CPU.Build.0 = Debug|Any CPU
		{G7H8I9J0-K1L2-43M3-N4O5-P6Q7R8S9T0U2}.Release|Any CPU.ActiveCfg = Release|Any CPU
		{G7H8I9J0-K1L2-43M3-N4O5-P6Q7R8S9T0U2}.Release|Any CPU.Build.0 = Release|Any CPU
		{H8I9J0K1-L2M3-44N4-O5P6-Q7R8S9T0U1V3}.Debug|Any CPU.ActiveCfg = Debug|Any CPU
		{H8I9J0K1-L2M3-44N4-O5P6-Q7R8S9T0U1V3}.Debug|Any CPU.Build.0 = Debug|Any CPU
		{H8I9J0K1-L2M3-44N4-O5P6-Q7R8S9T0U1V3}.Release|Any CPU.ActiveCfg = Release|Any CPU
		{H8I9J0K1-L2M3-44N4-O5P6-Q7R8S9T0U1V3}.Release|Any CPU.Build.0 = Release|Any CPU
		{I9J0K1L2-M3N4-45O5-P6Q7-R8S9T0U1V2W4}.Debug|Any CPU.ActiveCfg = Debug|Any CPU
		{I9J0K1L2-M3N4-45O5-P6Q7-R8S9T0U1V2W4}.Debug|Any CPU.Build.0 = Debug|Any CPU
		{I9J0K1L2-M3N4-45O5-P6Q7-R8S9T0U1V2W4}.Release|Any CPU.ActiveCfg = Release|Any CPU
		{I9J0K1L2-M3N4-45O5-P6Q7-R8S9T0U1V2W4}.Release|Any CPU.Build.0 = Release|Any CPU
		{J0K1L2M3-N4O5-46P6-Q7R8-S9T0U1V2W3X5}.Debug|Any CPU.ActiveCfg = Debug|Any CPU
		{J0K1L2M3-N4O5-46P6-Q7R8-S9T0U1V2W3X5}.Debug|Any CPU.Build.0 = Debug|Any CPU
		{J0K1L2M3-N4O5-46P6-Q7R8-S9T0U1V2W3X5}.Release|Any CPU.ActiveCfg = Release|Any CPU
		{J0K1L2M3-N4O5-46P6-Q7R8-S9T0U1V2W3X5}.Release|Any CPU.Build.0 = Release|Any CPU
		{K1L2M3N4-O5P6-47Q7-R8S9-T0U1V2W3X4Y6}.Debug|Any CPU.ActiveCfg = Debug|Any CPU
		{K1L2M3N4-O5P6-47Q7-R8S9-T0U1V2W3X4Y6}.Debug|Any CPU.Build.0 = Debug|Any CPU
		{K1L2M3N4-O5P6-47Q7-R8S9-T0U1V2W3X4Y6}.Release|Any CPU.ActiveCfg = Release|Any CPU
		{K1L2M3N4-O5P6-47Q7-R8S9-T0U1V2W3X4Y6}.Release|Any CPU.Build.0 = Release|Any CPU
	EndGlobalSection
	GlobalSection(NestedProjects) = preSolution
		{B2C3D4E5-F6G7-48H9-I0J1-K2L3M4N5O6P7} = {A1B2C3D4-E5F6-47G8-H9I0-J1K2L3M4N5O6}
		{C3D4E5F6-G7H8-49I0-J1K2-L3M4N5O6P7Q8} = {A1B2C3D4-E5F6-47G8-H9I0-J1K2L3M4N5O6}
		{D4E5F6G7-H8I9-40J0-K1L2-M3N4O5P6Q7R9} = {A1B2C3D4-E5F6-47G8-H9I0-J1K2L3M4N5O6}
		{E5F6G7H8-I9J0-41K1-L2M3-N4O5P6Q7R8S0} = {A1B2C3D4-E5F6-47G8-H9I0-J1K2L3M4N5O6}
		{F6G7H8I9-J0K1-42L2-M3N4-O5P6Q7R8S9T1} = {A1B2C3D4-E5F6-47G8-H9I0-J1K2L3M4N5O6}
		{G7H8I9J0-K1L2-43M3-N4O5-P6Q7R8S9T0U2} = {A1B2C3D4-E5F6-47G8-H9I0-J1K2L3M4N5O6}
		{H8I9J0K1-L2M3-44N4-O5P6-Q7R8S9T0U1V3} = {A1B2C3D4-E5F6-47G8-H9I0-J1K2L3M4N5O6}
		{I9J0K1L2-M3N4-45O5-P6Q7-R8S9T0U1V2W4} = {A1B2C3D4-E5F6-47G8-H9I0-J1K2L3M4N5O6}
		{J0K1L2M3-N4O5-46P6-Q7R8-S9T0U1V2W3X5} = {A1B2C3D4-E5F6-47G8-H9I0-J1K2L3M4N5O6}
		{K1L2M3N4-O5P6-47Q7-R8S9-T0U1V2W3X4Y6} = {A1B2C3D4-E5F6-47G8-H9I0-J1K2L3M4N5O6}
	EndGlobalSection
EndGlobal
